{
  "pins" : [
    {
      "identity" : "realm-core",
      "kind" : "remoteSourceControl",
      "location" : "https://github.com/realm/realm-core.git",
      "state" : {
        "revision" : "f2a209b164194190b46747c7f5e36cb30fd5db71",
        "version" : "13.10.0"
      }
    },
    {
      "identity" : "realm-swift",
      "kind" : "remoteSourceControl",
      "location" : "https://github.com/realm/realm-swift.git",
      "state" : {
        "branch" : "master",
        "revision" : "9266efac9ef0c79e4e64a2ba36162d8d922893d2"
      }
    }
  ],
  "version" : 2
}
